
Microsoft Visual Studio Solution File, Format Version 12.00
# Visual Studio Version 16
VisualStudioVersion = 16.6.30114.105
MinimumVisualStudioVersion = 10.0.40219.1
Project("{9A19103F-16F7-4668-BE54-9A1E7A4F7556}") = "TestBotApp", "src\TestBotApp\TestBotApp.csproj", "{32088132-BF43-4964-918E-34B0A9179B95}"
EndProject
Project("{2150E333-8FDC-42A3-9474-1A3956D46DE8}") = "src", "src", "{8B80CF04-E83B-440F-B5AE-25EBAAF2A563}"
EndProject
Project("{FAE04EC0-301F-11D3-BF4B-00C04F79EFBC}") = "TestBot.API", "src\TestBot.API\TestBot.API.csproj", "{47075319-880C-442F-AA15-C00CA13BDB6C}"
EndProject
Project("{FAE04EC0-301F-11D3-BF4B-00C04F79EFBC}") = "TestBot.Models", "src\TestBot.Models\TestBot.Models.csproj", "{112BBECB-68E2-4C7F-873C-A6419DAB54C3}"
EndProject
Project("{FAE04EC0-301F-11D3-BF4B-00C04F79EFBC}") = "TestBot.Abstractions", "src\TestBot.Abstractions\TestBot.Abstractions.csproj", "{0C03308F-D57D-4BAC-942A-D04A4EC61B33}"
EndProject
Project("{FAE04EC0-301F-11D3-BF4B-00C04F79EFBC}") = "TestBot.Repositories", "src\TestBot.Repositories\TestBot.Repositories.csproj", "{DB7201C5-2EF0-40BB-A7EB-127D68BADC80}"
EndProject
Project("{FAE04EC0-301F-11D3-BF4B-00C04F79EFBC}") = "TestBot.Services", "src\TestBot.Services\TestBot.Services.csproj", "{DD5A36F5-C51A-4498-AC1F-2AB79B442BD4}"
EndProject
Global
	GlobalSection(SolutionConfigurationPlatforms) = preSolution
		Debug|Any CPU = Debug|Any CPU
		Debug|x64 = Debug|x64
		Debug|x86 = Debug|x86
		Release|Any CPU = Release|Any CPU
		Release|x64 = Release|x64
		Release|x86 = Release|x86
	EndGlobalSection
	GlobalSection(ProjectConfigurationPlatforms) = postSolution
		{32088132-BF43-4964-918E-34B0A9179B95}.Debug|Any CPU.ActiveCfg = Debug|Any CPU
		{32088132-BF43-4964-918E-34B0A9179B95}.Debug|Any CPU.Build.0 = Debug|Any CPU
		{32088132-BF43-4964-918E-34B0A9179B95}.Debug|x64.ActiveCfg = Debug|Any CPU
		{32088132-BF43-4964-918E-34B0A9179B95}.Debug|x64.Build.0 = Debug|Any CPU
		{32088132-BF43-4964-918E-34B0A9179B95}.Debug|x86.ActiveCfg = Debug|Any CPU
		{32088132-BF43-4964-918E-34B0A9179B95}.Debug|x86.Build.0 = Debug|Any CPU
		{32088132-BF43-4964-918E-34B0A9179B95}.Release|Any CPU.ActiveCfg = Release|Any CPU
		{32088132-BF43-4964-918E-34B0A9179B95}.Release|Any CPU.Build.0 = Release|Any CPU
		{32088132-BF43-4964-918E-34B0A9179B95}.Release|x64.ActiveCfg = Release|Any CPU
		{32088132-BF43-4964-918E-34B0A9179B95}.Release|x64.Build.0 = Release|Any CPU
		{32088132-BF43-4964-918E-34B0A9179B95}.Release|x86.ActiveCfg = Release|Any CPU
		{32088132-BF43-4964-918E-34B0A9179B95}.Release|x86.Build.0 = Release|Any CPU
		{47075319-880C-442F-AA15-C00CA13BDB6C}.Debug|Any CPU.ActiveCfg = Debug|Any CPU
		{47075319-880C-442F-AA15-C00CA13BDB6C}.Debug|Any CPU.Build.0 = Debug|Any CPU
		{47075319-880C-442F-AA15-C00CA13BDB6C}.Debug|x64.ActiveCfg = Debug|Any CPU
		{47075319-880C-442F-AA15-C00CA13BDB6C}.Debug|x64.Build.0 = Debug|Any CPU
		{47075319-880C-442F-AA15-C00CA13BDB6C}.Debug|x86.ActiveCfg = Debug|Any CPU
		{47075319-880C-442F-AA15-C00CA13BDB6C}.Debug|x86.Build.0 = Debug|Any CPU
		{47075319-880C-442F-AA15-C00CA13BDB6C}.Release|Any CPU.ActiveCfg = Release|Any CPU
		{47075319-880C-442F-AA15-C00CA13BDB6C}.Release|Any CPU.Build.0 = Release|Any CPU
		{47075319-880C-442F-AA15-C00CA13BDB6C}.Release|x64.ActiveCfg = Release|Any CPU
		{47075319-880C-442F-AA15-C00CA13BDB6C}.Release|x64.Build.0 = Release|Any CPU
		{47075319-880C-442F-AA15-C00CA13BDB6C}.Release|x86.ActiveCfg = Release|Any CPU
		{47075319-880C-442F-AA15-C00CA13BDB6C}.Release|x86.Build.0 = Release|Any CPU
		{112BBECB-68E2-4C7F-873C-A6419DAB54C3}.Debug|Any CPU.ActiveCfg = Debug|Any CPU
		{112BBECB-68E2-4C7F-873C-A6419DAB54C3}.Debug|Any CPU.Build.0 = Debug|Any CPU
		{112BBECB-68E2-4C7F-873C-A6419DAB54C3}.Debug|x64.ActiveCfg = Debug|Any CPU
		{112BBECB-68E2-4C7F-873C-A6419DAB54C3}.Debug|x64.Build.0 = Debug|Any CPU
		{112BBECB-68E2-4C7F-873C-A6419DAB54C3}.Debug|x86.ActiveCfg = Debug|Any CPU
		{112BBECB-68E2-4C7F-873C-A6419DAB54C3}.Debug|x86.Build.0 = Debug|Any CPU
		{112BBECB-68E2-4C7F-873C-A6419DAB54C3}.Release|Any CPU.ActiveCfg = Release|Any CPU
		{112BBECB-68E2-4C7F-873C-A6419DAB54C3}.Release|Any CPU.Build.0 = Release|Any CPU
		{112BBECB-68E2-4C7F-873C-A6419DAB54C3}.Release|x64.ActiveCfg = Release|Any CPU
		{112BBECB-68E2-4C7F-873C-A6419DAB54C3}.Release|x64.Build.0 = Release|Any CPU
		{112BBECB-68E2-4C7F-873C-A6419DAB54C3}.Release|x86.ActiveCfg = Release|Any CPU
		{112BBECB-68E2-4C7F-873C-A6419DAB54C3}.Release|x86.Build.0 = Release|Any CPU
		{0C03308F-D57D-4BAC-942A-D04A4EC61B33}.Debug|Any CPU.ActiveCfg = Debug|Any CPU
		{0C03308F-D57D-4BAC-942A-D04A4EC61B33}.Debug|Any CPU.Build.0 = Debug|Any CPU
		{0C03308F-D57D-4BAC-942A-D04A4EC61B33}.Debug|x64.ActiveCfg = Debug|Any CPU
		{0C03308F-D57D-4BAC-942A-D04A4EC61B33}.Debug|x64.Build.0 = Debug|Any CPU
		{0C03308F-D57D-4BAC-942A-D04A4EC61B33}.Debug|x86.ActiveCfg = Debug|Any CPU
		{0C03308F-D57D-4BAC-942A-D04A4EC61B33}.Debug|x86.Build.0 = Debug|Any CPU
		{0C03308F-D57D-4BAC-942A-D04A4EC61B33}.Release|Any CPU.ActiveCfg = Release|Any CPU
		{0C03308F-D57D-4BAC-942A-D04A4EC61B33}.Release|Any CPU.Build.0 = Release|Any CPU
		{0C03308F-D57D-4BAC-942A-D04A4EC61B33}.Release|x64.ActiveCfg = Release|Any CPU
		{0C03308F-D57D-4BAC-942A-D04A4EC61B33}.Release|x64.Build.0 = Release|Any CPU
		{0C03308F-D57D-4BAC-942A-D04A4EC61B33}.Release|x86.ActiveCfg = Release|Any CPU
		{0C03308F-D57D-4BAC-942A-D04A4EC61B33}.Release|x86.Build.0 = Release|Any CPU
		{DB7201C5-2EF0-40BB-A7EB-127D68BADC80}.Debug|Any CPU.ActiveCfg = Debug|Any CPU
		{DB7201C5-2EF0-40BB-A7EB-127D68BADC80}.Debug|Any CPU.Build.0 = Debug|Any CPU
		{DB7201C5-2EF0-40BB-A7EB-127D68BADC80}.Debug|x64.ActiveCfg = Debug|Any CPU
		{DB7201C5-2EF0-40BB-A7EB-127D68BADC80}.Debug|x64.Build.0 = Debug|Any CPU
		{DB7201C5-2EF0-40BB-A7EB-127D68BADC80}.Debug|x86.ActiveCfg = Debug|Any CPU
		{DB7201C5-2EF0-40BB-A7EB-127D68BADC80}.Debug|x86.Build.0 = Debug|Any CPU
		{DB7201C5-2EF0-40BB-A7EB-127D68BADC80}.Release|Any CPU.ActiveCfg = Release|Any CPU
		{DB7201C5-2EF0-40BB-A7EB-127D68BADC80}.Release|Any CPU.Build.0 = Release|Any CPU
		{DB7201C5-2EF0-40BB-A7EB-127D68BADC80}.Release|x64.ActiveCfg = Release|Any CPU
		{DB7201C5-2EF0-40BB-A7EB-127D68BADC80}.Release|x64.Build.0 = Release|Any CPU
		{DB7201C5-2EF0-40BB-A7EB-127D68BADC80}.Release|x86.ActiveCfg = Release|Any CPU
		{DB7201C5-2EF0-40BB-A7EB-127D68BADC80}.Release|x86.Build.0 = Release|Any CPU
		{DD5A36F5-C51A-4498-AC1F-2AB79B442BD4}.Debug|Any CPU.ActiveCfg = Debug|Any CPU
		{DD5A36F5-C51A-4498-AC1F-2AB79B442BD4}.Debug|Any CPU.Build.0 = Debug|Any CPU
		{DD5A36F5-C51A-4498-AC1F-2AB79B442BD4}.Debug|x64.ActiveCfg = Debug|Any CPU
		{DD5A36F5-C51A-4498-AC1F-2AB79B442BD4}.Debug|x64.Build.0 = Debug|Any CPU
		{DD5A36F5-C51A-4498-AC1F-2AB79B442BD4}.Debug|x86.ActiveCfg = Debug|Any CPU
		{DD5A36F5-C51A-4498-AC1F-2AB79B442BD4}.Debug|x86.Build.0 = Debug|Any CPU
		{DD5A36F5-C51A-4498-AC1F-2AB79B442BD4}.Release|Any CPU.ActiveCfg = Release|Any CPU
		{DD5A36F5-C51A-4498-AC1F-2AB79B442BD4}.Release|Any CPU.Build.0 = Release|Any CPU
		{DD5A36F5-C51A-4498-AC1F-2AB79B442BD4}.Release|x64.ActiveCfg = Release|Any CPU
		{DD5A36F5-C51A-4498-AC1F-2AB79B442BD4}.Release|x64.Build.0 = Release|Any CPU
		{DD5A36F5-C51A-4498-AC1F-2AB79B442BD4}.Release|x86.ActiveCfg = Release|Any CPU
		{DD5A36F5-C51A-4498-AC1F-2AB79B442BD4}.Release|x86.Build.0 = Release|Any CPU
	EndGlobalSection
	GlobalSection(SolutionProperties) = preSolution
		HideSolutionNode = FALSE
	EndGlobalSection
	GlobalSection(NestedProjects) = preSolution
		{47075319-880C-442F-AA15-C00CA13BDB6C} = {8B80CF04-E83B-440F-B5AE-25EBAAF2A563}
		{112BBECB-68E2-4C7F-873C-A6419DAB54C3} = {8B80CF04-E83B-440F-B5AE-25EBAAF2A563}
		{0C03308F-D57D-4BAC-942A-D04A4EC61B33} = {8B80CF04-E83B-440F-B5AE-25EBAAF2A563}
		{DB7201C5-2EF0-40BB-A7EB-127D68BADC80} = {8B80CF04-E83B-440F-B5AE-25EBAAF2A563}
		{DD5A36F5-C51A-4498-AC1F-2AB79B442BD4} = {8B80CF04-E83B-440F-B5AE-25EBAAF2A563}
	EndGlobalSection
	GlobalSection(ExtensibilityGlobals) = postSolution
		SolutionGuid = {4B55FD23-3F7E-4502-9965-F6D74F0811C1}
	EndGlobalSection
EndGlobal
